{
  "name": "impactia-web",
  "lockfileVersion": 3,
  "requires": true,
  "packages": {
    "": {
      "name": "impactia-web",
      "devDependencies": {
        "@lobehub/icons-static-svg": "^1.95.1",
        "flag-icons": "^7.5.0",
        "lucide": "^1.49.0",
        "tom-select": "^2.6.2"
      }
    },
    "node_modules/@lobehub/icons-static-svg": {
      "version": "1.95.1",
      "resolved": "https://registry.npmjs.org/@lobehub/icons-static-svg/-/icons-static-svg-1.95.1.tgz",
      "integrity": "sha512-Hw7EPPgVnC4NZLXBfTNJG6hyQgqECfUPC11VVXodPSr1aebKcFxDZlSpxhWwYNdCc6bhxps/x5TtXoPmfKH2ag==",
      "dev": true,
      "license": "MIT"
    },
    "node_modules/@orchidjs/sifter": {
      "version": "1.1.0",
      "resolved": "https://registry.npmjs.org/@orchidjs/sifter/-/sifter-1.1.0.tgz",
      "integrity": "sha512-mYwHCfr736cIWWdhhSZvDbf90AKt2xyrJspKFC3qyIJG1LtrJeJunYEqCGG4Aq2ijENbc4WkOjszcvNaIAS/pQ==",
      "dev": true,
      "license": "Apache-2.0",
      "dependencies": {
        "@orchidjs/unicode-variants": "^1.1.2"
      }
    },
    "node_modules/@orchidjs/unicode-variants": {
      "version": "1.1.2",
      "resolved": "https://registry.npmjs.org/@orchidjs/unicode-variants/-/unicode-variants-1.1.2.tgz",
      "integrity": "sha512-5DobW1CHgnBROOEpFlEXytED5OosEWESFvg/VYmH0143oXcijYTprRYJTs+55HzGM4IqxiLFSuqEzu9mPNwVsA==",
      "dev": true,
      "license": "Apache-2.0"
    },
    "node_modules/flag-icons": {
      "version": "7.5.0",
      "resolved": "https://registry.npmjs.org/flag-icons/-/flag-icons-7.5.0.tgz",
      "integrity": "sha512-kd+MNXviFIg5hijH766tt+3x76ele1AXlo4zDdCxIvqWZhKt4T83bOtxUOOMlTx/EcFdUMH5yvQgYlFh1EqqFg==",
      "dev": true,
      "license": "MIT"
    },
    "node_modules/lucide": {
      "version": "1.49.0",
      "resolved": "https://registry.npmjs.org/lucide/-/lucide-1.49.0.tgz",
      "integrity": "sha512-Dyl20SJao+7GUAYqa1Wz/x5wiIYzVRlDXwtFDvf44HULQObsb8YjXE81YGv24WMFQQYLqlxHu86ikEAqG4Mbww==",
      "dev": true,
      "license": "ISC"
    },
    "node_modules/tom-select": {
      "version": "2.6.2",
      "resolved": "https://registry.npmjs.org/tom-select/-/tom-select-2.6.2.tgz",
      "integrity": "sha512-eiXIkk82XzzUTOVQDFpy+ZGejuqdTvMukyUyeZBQaKnqW42UoTiTZnrod/eX0rkqJEc4rZY9DZ3zdjV07i29wQ==",
      "dev": true,
      "license": "Apache-2.0",
      "dependencies": {
        "@orchidjs/sifter": "^1.1.0",
        "@orchidjs/unicode-variants": "^1.1.2"
      },
      "engines": {
        "node": "*"
      },
      "funding": {
        "type": "opencollective",
        "url": "https://opencollective.com/tom-select"
      }
    }
  }
}
